
Microsoft Visual Studio Solution File, Format Version 12.00
# Visual Studio Version 16
VisualStudioVersion = 16.0.30320.27
MinimumVisualStudioVersion = 10.0.40219.1
Project("{FAE04EC0-301F-11D3-BF4B-00C04F79EFBC}") = "SifreKontrol", "SifreKontrol\SifreKontrol.csproj", "{FA874618-924A-4BEB-ABAC-926C3B924E36}"
EndProject
Global
	GlobalSection(SolutionConfigurationPlatforms) = preSolution
		Debug|Any CPU = Debug|Any CPU
		Release|Any CPU = Release|Any CPU
	EndGlobalSection
	GlobalSection(ProjectConfigurationPlatforms) = postSolution
		{FA874618-924A-4BEB-ABAC-926C3B924E36}.Debug|Any CPU.ActiveCfg = Debug|Any CPU
		{FA874618-924A-4BEB-ABAC-926C3B924E36}.Debug|Any CPU.Build.0 = Debug|Any CPU
		{FA874618-924A-4BEB-ABAC-926C3B924E36}.Release|Any CPU.ActiveCfg = Release|Any CPU
		{FA874618-924A-4BEB-ABAC-926C3B924E36}.Release|Any CPU.Build.0 = Release|Any CPU
	EndGlobalSection
	GlobalSection(SolutionProperties) = preSolution
		HideSolutionNode = FALSE
	EndGlobalSection
	GlobalSection(ExtensibilityGlobals) = postSolution
		SolutionGuid = {37FEE1A7-9F3A-4830-9030-19642C32B404}
	EndGlobalSection
EndGlobal
